// !$*UTF8*$!
{
	archiveVersion = 1;
	classes = {
	};
	objectVersion = 52;
	objects = {

/* Begin PBXBuildFile section */
		EE323E0A2867E61F00152C97 /* MovieDetailView.swift in Sources */ = {isa = PBXBuildFile; fileRef = EE323E092867E61F00152C97 /* MovieDetailView.swift */; };
		EE323E0C2867E92C00152C97 /* DiscoverMoviesSectionHeaderView.swift in Sources */ = {isa = PBXBuildFile; fileRef = EE323E0B2867E92C00152C97 /* DiscoverMoviesSectionHeaderView.swift */; };
		EE323E0E2867E99400152C97 /* MoviesListView.swift in Sources */ = {isa = PBXBuildFile; fileRef = EE323E0D2867E99400152C97 /* MoviesListView.swift */; };
		EE323E102867EBC900152C97 /* MovieConstants.swift in Sources */ = {isa = PBXBuildFile; fileRef = EE323E0F2867EBC900152C97 /* MovieConstants.swift */; };
		EE32BFB428332F8E00890B06 /* DiscoverView.swift in Sources */ = {isa = PBXBuildFile; fileRef = EE32BFB328332F8D00890B06 /* DiscoverView.swift */; };
		EE32BFBC283330A500890B06 /* DiscoverBooksScrollView.swift in Sources */ = {isa = PBXBuildFile; fileRef = EE32BFBB283330A500890B06 /* DiscoverBooksScrollView.swift */; };
		EE32BFBE283330C100890B06 /* DiscoverSongsScrollView.swift in Sources */ = {isa = PBXBuildFile; fileRef = EE32BFBD283330C100890B06 /* DiscoverSongsScrollView.swift */; };
		EE32BFC0283330E900890B06 /* DiscoverMoviesScrollView.swift in Sources */ = {isa = PBXBuildFile; fileRef = EE32BFBF283330E900890B06 /* DiscoverMoviesScrollView.swift */; };
		EE32BFC2283330FA00890B06 /* DiscoverMagazinesScrollView.swift in Sources */ = {isa = PBXBuildFile; fileRef = EE32BFC1283330FA00890B06 /* DiscoverMagazinesScrollView.swift */; };
		EE32BFC42833331A00890B06 /* Book.swift in Sources */ = {isa = PBXBuildFile; fileRef = EE32BFC32833331900890B06 /* Book.swift */; };
		EE59177B28349C81001457BE /* GoogleBookFetcher.swift in Sources */ = {isa = PBXBuildFile; fileRef = EE59177A28349C81001457BE /* GoogleBookFetcher.swift */; };
		EE59177D28349F30001457BE /* GoogleBooksResponseModel.swift in Sources */ = {isa = PBXBuildFile; fileRef = EE59177C28349F30001457BE /* GoogleBooksResponseModel.swift */; };
		EE59177F2835CBA9001457BE /* BooksViewModel.swift in Sources */ = {isa = PBXBuildFile; fileRef = EE59177E2835CBA9001457BE /* BooksViewModel.swift */; };
		EE5917832835D7A6001457BE /* AsyncImageView.swift in Sources */ = {isa = PBXBuildFile; fileRef = EE5917822835D7A6001457BE /* AsyncImageView.swift */; };
		EE5917852835D872001457BE /* ImageExtensions.swift in Sources */ = {isa = PBXBuildFile; fileRef = EE5917842835D872001457BE /* ImageExtensions.swift */; };
		EE5917872835F8A9001457BE /* MainNavigationView.swift in Sources */ = {isa = PBXBuildFile; fileRef = EE5917862835F8A9001457BE /* MainNavigationView.swift */; };
		EE591789283702F9001457BE /* BooksListView.swift in Sources */ = {isa = PBXBuildFile; fileRef = EE591788283702F8001457BE /* BooksListView.swift */; };
		EE59178B28370923001457BE /* DiscoverSectionHeaderView.swift in Sources */ = {isa = PBXBuildFile; fileRef = EE59178A28370923001457BE /* DiscoverSectionHeaderView.swift */; };
		EE59178E2837150B001457BE /* GoogleBookShelfResponseModel.swift in Sources */ = {isa = PBXBuildFile; fileRef = EE59178D2837150B001457BE /* GoogleBookShelfResponseModel.swift */; };
		EE59179028372DAC001457BE /* ViewExtensions.swift in Sources */ = {isa = PBXBuildFile; fileRef = EE59178F28372DAC001457BE /* ViewExtensions.swift */; };
		EE81CB342839782D00EF2BAF /* IntExtensions.swift in Sources */ = {isa = PBXBuildFile; fileRef = EE81CB332839782D00EF2BAF /* IntExtensions.swift */; };
		EE87BAE32860ECCD00C4B09B /* SpotifyAPI.swift in Sources */ = {isa = PBXBuildFile; fileRef = EE87BAE22860ECCD00C4B09B /* SpotifyAPI.swift */; };
		EE87BAE62860EF3F00C4B09B /* SpotifyAuthenticationResponseModel.swift in Sources */ = {isa = PBXBuildFile; fileRef = EE87BAE52860EF3F00C4B09B /* SpotifyAuthenticationResponseModel.swift */; };
		EE87BAE82861029500C4B09B /* GoogleAPI.swift in Sources */ = {isa = PBXBuildFile; fileRef = EE87BAE72861029500C4B09B /* GoogleAPI.swift */; };
		EE87BAEA2861037300C4B09B /* SpotifySongFetcher.swift in Sources */ = {isa = PBXBuildFile; fileRef = EE87BAE92861037300C4B09B /* SpotifySongFetcher.swift */; };
		EE87BAEC28611C6A00C4B09B /* SpotifyPlaylistResponseModel.swift in Sources */ = {isa = PBXBuildFile; fileRef = EE87BAEB28611C6A00C4B09B /* SpotifyPlaylistResponseModel.swift */; };
		EE87BAEF2861249F00C4B09B /* SongsViewModel.swift in Sources */ = {isa = PBXBuildFile; fileRef = EE87BAEE2861249F00C4B09B /* SongsViewModel.swift */; };
		EE87BAF128669D3700C4B09B /* SongDetailView.swift in Sources */ = {isa = PBXBuildFile; fileRef = EE87BAF028669D3600C4B09B /* SongDetailView.swift */; };
		EE87BAF328678FEA00C4B09B /* SongsListView.swift in Sources */ = {isa = PBXBuildFile; fileRef = EE87BAF228678FEA00C4B09B /* SongsListView.swift */; };
		EE87BAF52867905E00C4B09B /* DiscoverSongsSectionHeaderView.swift in Sources */ = {isa = PBXBuildFile; fileRef = EE87BAF42867905E00C4B09B /* DiscoverSongsSectionHeaderView.swift */; };
		EE87BAF72867944100C4B09B /* SongConstants.swift in Sources */ = {isa = PBXBuildFile; fileRef = EE87BAF62867944100C4B09B /* SongConstants.swift */; };
		EE87BAF92867C91800C4B09B /* TMDBApi.swift in Sources */ = {isa = PBXBuildFile; fileRef = EE87BAF82867C91800C4B09B /* TMDBApi.swift */; };
		EE87BAFB2867CEE100C4B09B /* MediaItemFetcher.swift in Sources */ = {isa = PBXBuildFile; fileRef = EE87BAFA2867CEE100C4B09B /* MediaItemFetcher.swift */; };
		EE87BB012867D97D00C4B09B /* MoviesViewModel.swift in Sources */ = {isa = PBXBuildFile; fileRef = EE87BB002867D97D00C4B09B /* MoviesViewModel.swift */; };
		EE87BB032867E49200C4B09B /* TMDBMovieListResponseModel.swift in Sources */ = {isa = PBXBuildFile; fileRef = EE87BB022867E49200C4B09B /* TMDBMovieListResponseModel.swift */; };
		EEB3747D283338BD006A5F9A /* Movie.swift in Sources */ = {isa = PBXBuildFile; fileRef = EEB3747C283338BD006A5F9A /* Movie.swift */; };
		EEB3748128333928006A5F9A /* Song.swift in Sources */ = {isa = PBXBuildFile; fileRef = EEB3748028333928006A5F9A /* Song.swift */; };
		EEB374842833394E006A5F9A /* Magazine.swift in Sources */ = {isa = PBXBuildFile; fileRef = EEB374832833394E006A5F9A /* Magazine.swift */; };
		EEB3748728333D88006A5F9A /* BookCard.swift in Sources */ = {isa = PBXBuildFile; fileRef = EEB3748628333D88006A5F9A /* BookCard.swift */; };
		EEB3748A28334343006A5F9A /* MovieCard.swift in Sources */ = {isa = PBXBuildFile; fileRef = EEB3748928334343006A5F9A /* MovieCard.swift */; };
		EEB3748D2833452F006A5F9A /* SongCard.swift in Sources */ = {isa = PBXBuildFile; fileRef = EEB3748C2833452F006A5F9A /* SongCard.swift */; };
		EEB37490283346A3006A5F9A /* MagazineCard.swift in Sources */ = {isa = PBXBuildFile; fileRef = EEB3748F283346A3006A5F9A /* MagazineCard.swift */; };
		EEB3749328334818006A5F9A /* NeumorphicViewModifier.swift in Sources */ = {isa = PBXBuildFile; fileRef = EEB3749228334818006A5F9A /* NeumorphicViewModifier.swift */; };
		EEB374962833489E006A5F9A /* LinearGradientExtensions.swift in Sources */ = {isa = PBXBuildFile; fileRef = EEB374952833489E006A5F9A /* LinearGradientExtensions.swift */; };
		EEB6450A2810FE0500837737 /* WorkNewsApp.swift in Sources */ = {isa = PBXBuildFile; fileRef = EEB645092810FE0500837737 /* WorkNewsApp.swift */; };
		EEB6450C2810FE0500837737 /* ContentView.swift in Sources */ = {isa = PBXBuildFile; fileRef = EEB6450B2810FE0500837737 /* ContentView.swift */; };
		EEB6450E2810FE1500837737 /* Assets.xcassets in Resources */ = {isa = PBXBuildFile; fileRef = EEB6450D2810FE1500837737 /* Assets.xcassets */; };
		EEB645112810FE1500837737 /* Preview Assets.xcassets in Resources */ = {isa = PBXBuildFile; fileRef = EEB645102810FE1500837737 /* Preview Assets.xcassets */; };
		EED27DE12839B3B4000FFB9E /* BookDetailView.swift in Sources */ = {isa = PBXBuildFile; fileRef = EED27DE02839B3B4000FFB9E /* BookDetailView.swift */; };
		EED27DE4283ABB7D000FFB9E /* Collections in Frameworks */ = {isa = PBXBuildFile; productRef = EED27DE3283ABB7D000FFB9E /* Collections */; };
		EED27DE6283ABB7D000FFB9E /* DequeModule in Frameworks */ = {isa = PBXBuildFile; productRef = EED27DE5283ABB7D000FFB9E /* DequeModule */; };
		EED27DE8283ABB7D000FFB9E /* OrderedCollections in Frameworks */ = {isa = PBXBuildFile; productRef = EED27DE7283ABB7D000FFB9E /* OrderedCollections */; };
		EED27DEA283ACAEF000FFB9E /* GoogleVolumeResponseModel.swift in Sources */ = {isa = PBXBuildFile; fileRef = EED27DE9283ACAEF000FFB9E /* GoogleVolumeResponseModel.swift */; };
		EED27DEC283AE419000FFB9E /* StringExtensions.swift in Sources */ = {isa = PBXBuildFile; fileRef = EED27DEB283AE419000FFB9E /* StringExtensions.swift */; };
		EED27DEF283C5D8E000FFB9E /* BookTitleView.swift in Sources */ = {isa = PBXBuildFile; fileRef = EED27DEE283C5D8E000FFB9E /* BookTitleView.swift */; };
		EED27DF1283C609D000FFB9E /* BookDescriptionView.swift in Sources */ = {isa = PBXBuildFile; fileRef = EED27DF0283C609D000FFB9E /* BookDescriptionView.swift */; };
		EED27DF3284A9D65000FFB9E /* BookConstants.swift in Sources */ = {isa = PBXBuildFile; fileRef = EED27DF2284A9D65000FFB9E /* BookConstants.swift */; };
/* End PBXBuildFile section */

/* Begin PBXFileReference section */
		EE323E092867E61F00152C97 /* MovieDetailView.swift */ = {isa = PBXFileReference; lastKnownFileType = sourcecode.swift; path = MovieDetailView.swift; sourceTree = "<group>"; };
		EE323E0B2867E92C00152C97 /* DiscoverMoviesSectionHeaderView.swift */ = {isa = PBXFileReference; lastKnownFileType = sourcecode.swift; path = DiscoverMoviesSectionHeaderView.swift; sourceTree = "<group>"; };
		EE323E0D2867E99400152C97 /* MoviesListView.swift */ = {isa = PBXFileReference; lastKnownFileType = sourcecode.swift; path = MoviesListView.swift; sourceTree = "<group>"; };
		EE323E0F2867EBC900152C97 /* MovieConstants.swift */ = {isa = PBXFileReference; lastKnownFileType = sourcecode.swift; path = MovieConstants.swift; sourceTree = "<group>"; };
		EE32BFB328332F8D00890B06 /* DiscoverView.swift */ = {isa = PBXFileReference; lastKnownFileType = sourcecode.swift; path = DiscoverView.swift; sourceTree = "<group>"; };
		EE32BFBB283330A500890B06 /* DiscoverBooksScrollView.swift */ = {isa = PBXFileReference; lastKnownFileType = sourcecode.swift; path = DiscoverBooksScrollView.swift; sourceTree = "<group>"; };
		EE32BFBD283330C100890B06 /* DiscoverSongsScrollView.swift */ = {isa = PBXFileReference; lastKnownFileType = sourcecode.swift; path = DiscoverSongsScrollView.swift; sourceTree = "<group>"; };
		EE32BFBF283330E900890B06 /* DiscoverMoviesScrollView.swift */ = {isa = PBXFileReference; lastKnownFileType = sourcecode.swift; path = DiscoverMoviesScrollView.swift; sourceTree = "<group>"; };
		EE32BFC1283330FA00890B06 /* DiscoverMagazinesScrollView.swift */ = {isa = PBXFileReference; lastKnownFileType = sourcecode.swift; path = DiscoverMagazinesScrollView.swift; sourceTree = "<group>"; };
		EE32BFC32833331900890B06 /* Book.swift */ = {isa = PBXFileReference; lastKnownFileType = sourcecode.swift; path = Book.swift; sourceTree = "<group>"; };
		EE59177A28349C81001457BE /* GoogleBookFetcher.swift */ = {isa = PBXFileReference; lastKnownFileType = sourcecode.swift; path = GoogleBookFetcher.swift; sourceTree = "<group>"; };
		EE59177C28349F30001457BE /* GoogleBooksResponseModel.swift */ = {isa = PBXFileReference; lastKnownFileType = sourcecode.swift; path = GoogleBooksResponseModel.swift; sourceTree = "<group>"; };
		EE59177E2835CBA9001457BE /* BooksViewModel.swift */ = {isa = PBXFileReference; lastKnownFileType = sourcecode.swift; path = BooksViewModel.swift; sourceTree = "<group>"; };
		EE5917822835D7A6001457BE /* AsyncImageView.swift */ = {isa = PBXFileReference; lastKnownFileType = sourcecode.swift; path = AsyncImageView.swift; sourceTree = "<group>"; };
		EE5917842835D872001457BE /* ImageExtensions.swift */ = {isa = PBXFileReference; lastKnownFileType = sourcecode.swift; path = ImageExtensions.swift; sourceTree = "<group>"; };
		EE5917862835F8A9001457BE /* MainNavigationView.swift */ = {isa = PBXFileReference; lastKnownFileType = sourcecode.swift; path = MainNavigationView.swift; sourceTree = "<group>"; };
		EE591788283702F8001457BE /* BooksListView.swift */ = {isa = PBXFileReference; lastKnownFileType = sourcecode.swift; path = BooksListView.swift; sourceTree = "<group>"; };
		EE59178A28370923001457BE /* DiscoverSectionHeaderView.swift */ = {isa = PBXFileReference; lastKnownFileType = sourcecode.swift; path = DiscoverSectionHeaderView.swift; sourceTree = "<group>"; };
		EE59178D2837150B001457BE /* GoogleBookShelfResponseModel.swift */ = {isa = PBXFileReference; lastKnownFileType = sourcecode.swift; path = GoogleBookShelfResponseModel.swift; sourceTree = "<group>"; };
		EE59178F28372DAC001457BE /* ViewExtensions.swift */ = {isa = PBXFileReference; lastKnownFileType = sourcecode.swift; path = ViewExtensions.swift; sourceTree = "<group>"; };
		EE81CB332839782D00EF2BAF /* IntExtensions.swift */ = {isa = PBXFileReference; lastKnownFileType = sourcecode.swift; path = IntExtensions.swift; sourceTree = "<group>"; };
		EE87BAE22860ECCD00C4B09B /* SpotifyAPI.swift */ = {isa = PBXFileReference; lastKnownFileType = sourcecode.swift; path = SpotifyAPI.swift; sourceTree = "<group>"; };
		EE87BAE52860EF3F00C4B09B /* SpotifyAuthenticationResponseModel.swift */ = {isa = PBXFileReference; lastKnownFileType = sourcecode.swift; path = SpotifyAuthenticationResponseModel.swift; sourceTree = "<group>"; };
		EE87BAE72861029500C4B09B /* GoogleAPI.swift */ = {isa = PBXFileReference; lastKnownFileType = sourcecode.swift; path = GoogleAPI.swift; sourceTree = "<group>"; };
		EE87BAE92861037300C4B09B /* SpotifySongFetcher.swift */ = {isa = PBXFileReference; lastKnownFileType = sourcecode.swift; path = SpotifySongFetcher.swift; sourceTree = "<group>"; };
		EE87BAEB28611C6A00C4B09B /* SpotifyPlaylistResponseModel.swift */ = {isa = PBXFileReference; lastKnownFileType = sourcecode.swift; path = SpotifyPlaylistResponseModel.swift; sourceTree = "<group>"; };
		EE87BAEE2861249F00C4B09B /* SongsViewModel.swift */ = {isa = PBXFileReference; lastKnownFileType = sourcecode.swift; path = SongsViewModel.swift; sourceTree = "<group>"; };
		EE87BAF028669D3600C4B09B /* SongDetailView.swift */ = {isa = PBXFileReference; lastKnownFileType = sourcecode.swift; path = SongDetailView.swift; sourceTree = "<group>"; };
		EE87BAF228678FEA00C4B09B /* SongsListView.swift */ = {isa = PBXFileReference; lastKnownFileType = sourcecode.swift; path = SongsListView.swift; sourceTree = "<group>"; };
		EE87BAF42867905E00C4B09B /* DiscoverSongsSectionHeaderView.swift */ = {isa = PBXFileReference; lastKnownFileType = sourcecode.swift; path = DiscoverSongsSectionHeaderView.swift; sourceTree = "<group>"; };
		EE87BAF62867944100C4B09B /* SongConstants.swift */ = {isa = PBXFileReference; lastKnownFileType = sourcecode.swift; path = SongConstants.swift; sourceTree = "<group>"; };
		EE87BAF82867C91800C4B09B /* TMDBApi.swift */ = {isa = PBXFileReference; lastKnownFileType = sourcecode.swift; path = TMDBApi.swift; sourceTree = "<group>"; };
		EE87BAFA2867CEE100C4B09B /* MediaItemFetcher.swift */ = {isa = PBXFileReference; lastKnownFileType = sourcecode.swift; path = MediaItemFetcher.swift; sourceTree = "<group>"; };
		EE87BB002867D97D00C4B09B /* MoviesViewModel.swift */ = {isa = PBXFileReference; lastKnownFileType = sourcecode.swift; path = MoviesViewModel.swift; sourceTree = "<group>"; };
		EE87BB022867E49200C4B09B /* TMDBMovieListResponseModel.swift */ = {isa = PBXFileReference; lastKnownFileType = sourcecode.swift; path = TMDBMovieListResponseModel.swift; sourceTree = "<group>"; };
		EEB3747C283338BD006A5F9A /* Movie.swift */ = {isa = PBXFileReference; lastKnownFileType = sourcecode.swift; path = Movie.swift; sourceTree = "<group>"; };
		EEB3748028333928006A5F9A /* Song.swift */ = {isa = PBXFileReference; lastKnownFileType = sourcecode.swift; path = Song.swift; sourceTree = "<group>"; };
		EEB374832833394E006A5F9A /* Magazine.swift */ = {isa = PBXFileReference; lastKnownFileType = sourcecode.swift; path = Magazine.swift; sourceTree = "<group>"; };
		EEB3748628333D88006A5F9A /* BookCard.swift */ = {isa = PBXFileReference; lastKnownFileType = sourcecode.swift; path = BookCard.swift; sourceTree = "<group>"; };
		EEB3748928334343006A5F9A /* MovieCard.swift */ = {isa = PBXFileReference; lastKnownFileType = sourcecode.swift; path = MovieCard.swift; sourceTree = "<group>"; };
		EEB3748C2833452F006A5F9A /* SongCard.swift */ = {isa = PBXFileReference; lastKnownFileType = sourcecode.swift; path = SongCard.swift; sourceTree = "<group>"; };
		EEB3748F283346A3006A5F9A /* MagazineCard.swift */ = {isa = PBXFileReference; lastKnownFileType = sourcecode.swift; path = MagazineCard.swift; sourceTree = "<group>"; };
		EEB3749228334818006A5F9A /* NeumorphicViewModifier.swift */ = {isa = PBXFileReference; lastKnownFileType = sourcecode.swift; path = NeumorphicViewModifier.swift; sourceTree = "<group>"; };
		EEB374952833489E006A5F9A /* LinearGradientExtensions.swift */ = {isa = PBXFileReference; lastKnownFileType = sourcecode.swift; path = LinearGradientExtensions.swift; sourceTree = "<group>"; };
		EEB645062810FE0500837737 /* WorkNews.app */ = {isa = PBXFileReference; explicitFileType = wrapper.application; includeInIndex = 0; path = WorkNews.app; sourceTree = BUILT_PRODUCTS_DIR; };
		EEB645092810FE0500837737 /* WorkNewsApp.swift */ = {isa = PBXFileReference; lastKnownFileType = sourcecode.swift; path = WorkNewsApp.swift; sourceTree = "<group>"; };
		EEB6450B2810FE0500837737 /* ContentView.swift */ = {isa = PBXFileReference; lastKnownFileType = sourcecode.swift; path = ContentView.swift; sourceTree = "<group>"; };
		EEB6450D2810FE1500837737 /* Assets.xcassets */ = {isa = PBXFileReference; lastKnownFileType = folder.assetcatalog; path = Assets.xcassets; sourceTree = "<group>"; };
		EEB645102810FE1500837737 /* Preview Assets.xcassets */ = {isa = PBXFileReference; lastKnownFileType = folder.assetcatalog; path = "Preview Assets.xcassets"; sourceTree = "<group>"; };
		EEB645122810FE1500837737 /* Info.plist */ = {isa = PBXFileReference; lastKnownFileType = text.plist.xml; path = Info.plist; sourceTree = "<group>"; };
		EED27DE02839B3B4000FFB9E /* BookDetailView.swift */ = {isa = PBXFileReference; lastKnownFileType = sourcecode.swift; path = BookDetailView.swift; sourceTree = "<group>"; };
		EED27DE9283ACAEF000FFB9E /* GoogleVolumeResponseModel.swift */ = {isa = PBXFileReference; lastKnownFileType = sourcecode.swift; path = GoogleVolumeResponseModel.swift; sourceTree = "<group>"; };
		EED27DEB283AE419000FFB9E /* StringExtensions.swift */ = {isa = PBXFileReference; lastKnownFileType = sourcecode.swift; path = StringExtensions.swift; sourceTree = "<group>"; };
		EED27DEE283C5D8E000FFB9E /* BookTitleView.swift */ = {isa = PBXFileReference; lastKnownFileType = sourcecode.swift; path = BookTitleView.swift; sourceTree = "<group>"; };
		EED27DF0283C609D000FFB9E /* BookDescriptionView.swift */ = {isa = PBXFileReference; lastKnownFileType = sourcecode.swift; path = BookDescriptionView.swift; sourceTree = "<group>"; };
		EED27DF2284A9D65000FFB9E /* BookConstants.swift */ = {isa = PBXFileReference; lastKnownFileType = sourcecode.swift; path = BookConstants.swift; sourceTree = "<group>"; };
/* End PBXFileReference section */

/* Begin PBXFrameworksBuildPhase section */
		EEB645032810FE0500837737 /* Frameworks */ = {
			isa = PBXFrameworksBuildPhase;
			buildActionMask = 2147483647;
			files = (
				EED27DE4283ABB7D000FFB9E /* Collections in Frameworks */,
				EED27DE6283ABB7D000FFB9E /* DequeModule in Frameworks */,
				EED27DE8283ABB7D000FFB9E /* OrderedCollections in Frameworks */,
			);
			runOnlyForDeploymentPostprocessing = 0;
		};
/* End PBXFrameworksBuildPhase section */

/* Begin PBXGroup section */
		EE32BFB528332FBF00890B06 /* Discover */ = {
			isa = PBXGroup;
			children = (
				EE32BFB328332F8D00890B06 /* DiscoverView.swift */,
				EE59178A28370923001457BE /* DiscoverSectionHeaderView.swift */,
				EE87BAFA2867CEE100C4B09B /* MediaItemFetcher.swift */,
				EE32BFB628332FD600890B06 /* Discover Categories */,
			);
			path = Discover;
			sourceTree = "<group>";
		};
		EE32BFB628332FD600890B06 /* Discover Categories */ = {
			isa = PBXGroup;
			children = (
				EE32BFB728332FED00890B06 /* Books */,
				EE32BFBA2833300B00890B06 /* Songs */,
				EE32BFB928332FFB00890B06 /* Movies */,
				EE32BFB828332FF400890B06 /* Magazines */,
			);
			path = "Discover Categories";
			sourceTree = "<group>";
		};
		EE32BFB728332FED00890B06 /* Books */ = {
			isa = PBXGroup;
			children = (
				EEB3747B283338A3006A5F9A /* Model */,
				EEB3748528333D18006A5F9A /* Views */,
				EE5917802835CBBB001457BE /* View Model */,
			);
			path = Books;
			sourceTree = "<group>";
		};
		EE32BFB828332FF400890B06 /* Magazines */ = {
			isa = PBXGroup;
			children = (
				EE32BFC1283330FA00890B06 /* DiscoverMagazinesScrollView.swift */,
				EEB374822833393A006A5F9A /* Model */,
				EEB3748E2833466B006A5F9A /* Views */,
			);
			path = Magazines;
			sourceTree = "<group>";
		};
		EE32BFB928332FFB00890B06 /* Movies */ = {
			isa = PBXGroup;
			children = (
				EEB3747E283338C3006A5F9A /* Model */,
				EEB3748828334329006A5F9A /* Views */,
				EE87BAFF2867D7FA00C4B09B /* View Model */,
			);
			name = Movies;
			sourceTree = "<group>";
		};
		EE32BFBA2833300B00890B06 /* Songs */ = {
			isa = PBXGroup;
			children = (
				EEB3747F283338FC006A5F9A /* Model */,
				EEB3748B28334521006A5F9A /* Views */,
				EE87BAED2861247000C4B09B /* View Model */,
			);
			path = Songs;
			sourceTree = "<group>";
		};
		EE5917802835CBBB001457BE /* View Model */ = {
			isa = PBXGroup;
			children = (
				EE59177E2835CBA9001457BE /* BooksViewModel.swift */,
			);
			path = "View Model";
			sourceTree = "<group>";
		};
		EE5917812835D787001457BE /* Views */ = {
			isa = PBXGroup;
			children = (
				EE5917822835D7A6001457BE /* AsyncImageView.swift */,
			);
			path = Views;
			sourceTree = "<group>";
		};
		EE59178C283714C4001457BE /* Google Books Response Models */ = {
			isa = PBXGroup;
			children = (
				EE59177C28349F30001457BE /* GoogleBooksResponseModel.swift */,
				EE59178D2837150B001457BE /* GoogleBookShelfResponseModel.swift */,
				EED27DE9283ACAEF000FFB9E /* GoogleVolumeResponseModel.swift */,
			);
			path = "Google Books Response Models";
			sourceTree = "<group>";
		};
		EE87BAE42860EF1B00C4B09B /* Spotify Response Models */ = {
			isa = PBXGroup;
			children = (
				EE87BAE52860EF3F00C4B09B /* SpotifyAuthenticationResponseModel.swift */,
				EE87BAEB28611C6A00C4B09B /* SpotifyPlaylistResponseModel.swift */,
			);
			path = "Spotify Response Models";
			sourceTree = "<group>";
		};
		EE87BAED2861247000C4B09B /* View Model */ = {
			isa = PBXGroup;
			children = (
				EE87BAEE2861249F00C4B09B /* SongsViewModel.swift */,
			);
			path = "View Model";
			sourceTree = "<group>";
		};
		EE87BAFC2867D2A200C4B09B /* TMDB Response Models */ = {
			isa = PBXGroup;
			children = (
				EE87BB022867E49200C4B09B /* TMDBMovieListResponseModel.swift */,
			);
			path = "TMDB Response Models";
			sourceTree = "<group>";
		};
		EE87BAFF2867D7FA00C4B09B /* View Model */ = {
			isa = PBXGroup;
			children = (
				EE87BB002867D97D00C4B09B /* MoviesViewModel.swift */,
			);
			path = "View Model";
			sourceTree = "<group>";
		};
		EEB3747B283338A3006A5F9A /* Model */ = {
			isa = PBXGroup;
			children = (
				EE32BFC32833331900890B06 /* Book.swift */,
				EE59177A28349C81001457BE /* GoogleBookFetcher.swift */,
				EE87BAE72861029500C4B09B /* GoogleAPI.swift */,
				EED27DF2284A9D65000FFB9E /* BookConstants.swift */,
				EE59178C283714C4001457BE /* Google Books Response Models */,
			);
			path = Model;
			sourceTree = "<group>";
		};
		EEB3747E283338C3006A5F9A /* Model */ = {
			isa = PBXGroup;
			children = (
				EEB3747C283338BD006A5F9A /* Movie.swift */,
				EE87BAF82867C91800C4B09B /* TMDBApi.swift */,
				EE87BAFC2867D2A200C4B09B /* TMDB Response Models */,
				EE323E0F2867EBC900152C97 /* MovieConstants.swift */,
			);
			name = Model;
			sourceTree = "<group>";
		};
		EEB3747F283338FC006A5F9A /* Model */ = {
			isa = PBXGroup;
			children = (
				EEB3748028333928006A5F9A /* Song.swift */,
				EE87BAF62867944100C4B09B /* SongConstants.swift */,
				EE87BAE22860ECCD00C4B09B /* SpotifyAPI.swift */,
				EE87BAE92861037300C4B09B /* SpotifySongFetcher.swift */,
				EE87BAE42860EF1B00C4B09B /* Spotify Response Models */,
			);
			path = Model;
			sourceTree = "<group>";
		};
		EEB374822833393A006A5F9A /* Model */ = {
			isa = PBXGroup;
			children = (
				EEB374832833394E006A5F9A /* Magazine.swift */,
			);
			path = Model;
			sourceTree = "<group>";
		};
		EEB3748528333D18006A5F9A /* Views */ = {
			isa = PBXGroup;
			children = (
				EE32BFBB283330A500890B06 /* DiscoverBooksScrollView.swift */,
				EE591788283702F8001457BE /* BooksListView.swift */,
				EEB3748628333D88006A5F9A /* BookCard.swift */,
				EED27DED283C5D56000FFB9E /* Book Detail View */,
			);
			path = Views;
			sourceTree = "<group>";
		};
		EEB3748828334329006A5F9A /* Views */ = {
			isa = PBXGroup;
			children = (
				EE32BFBF283330E900890B06 /* DiscoverMoviesScrollView.swift */,
				EEB3748928334343006A5F9A /* MovieCard.swift */,
				EE323E092867E61F00152C97 /* MovieDetailView.swift */,
				EE323E0B2867E92C00152C97 /* DiscoverMoviesSectionHeaderView.swift */,
				EE323E0D2867E99400152C97 /* MoviesListView.swift */,
			);
			name = Views;
			sourceTree = "<group>";
		};
		EEB3748B28334521006A5F9A /* Views */ = {
			isa = PBXGroup;
			children = (
				EE87BAF42867905E00C4B09B /* DiscoverSongsSectionHeaderView.swift */,
				EE32BFBD283330C100890B06 /* DiscoverSongsScrollView.swift */,
				EEB3748C2833452F006A5F9A /* SongCard.swift */,
				EE87BAF028669D3600C4B09B /* SongDetailView.swift */,
				EE87BAF228678FEA00C4B09B /* SongsListView.swift */,
			);
			path = Views;
			sourceTree = "<group>";
		};
		EEB3748E2833466B006A5F9A /* Views */ = {
			isa = PBXGroup;
			children = (
				EEB3748F283346A3006A5F9A /* MagazineCard.swift */,
			);
			path = Views;
			sourceTree = "<group>";
		};
		EEB37491283347FA006A5F9A /* ViewModifiers */ = {
			isa = PBXGroup;
			children = (
				EEB3749228334818006A5F9A /* NeumorphicViewModifier.swift */,
			);
			path = ViewModifiers;
			sourceTree = "<group>";
		};
		EEB374942833483B006A5F9A /* Extensions */ = {
			isa = PBXGroup;
			children = (
				EEB374952833489E006A5F9A /* LinearGradientExtensions.swift */,
				EE5917842835D872001457BE /* ImageExtensions.swift */,
				EE59178F28372DAC001457BE /* ViewExtensions.swift */,
				EE81CB332839782D00EF2BAF /* IntExtensions.swift */,
				EED27DEB283AE419000FFB9E /* StringExtensions.swift */,
			);
			path = Extensions;
			sourceTree = "<group>";
		};
		EEB644FD2810FE0500837737 = {
			isa = PBXGroup;
			children = (
				EEB645082810FE0500837737 /* WorkNews */,
				EEB645072810FE0500837737 /* Products */,
			);
			sourceTree = "<group>";
		};
		EEB645072810FE0500837737 /* Products */ = {
			isa = PBXGroup;
			children = (
				EEB645062810FE0500837737 /* WorkNews.app */,
			);
			name = Products;
			sourceTree = "<group>";
		};
		EEB645082810FE0500837737 /* WorkNews */ = {
			isa = PBXGroup;
			children = (
				EEB645092810FE0500837737 /* WorkNewsApp.swift */,
				EEB6450B2810FE0500837737 /* ContentView.swift */,
				EEB6450D2810FE1500837737 /* Assets.xcassets */,
				EEB645122810FE1500837737 /* Info.plist */,
				EEB6450F2810FE1500837737 /* Preview Content */,
				EE5917862835F8A9001457BE /* MainNavigationView.swift */,
				EE32BFB528332FBF00890B06 /* Discover */,
				EE5917812835D787001457BE /* Views */,
				EEB37491283347FA006A5F9A /* ViewModifiers */,
				EEB374942833483B006A5F9A /* Extensions */,
			);
			path = WorkNews;
			sourceTree = "<group>";
		};
		EEB6450F2810FE1500837737 /* Preview Content */ = {
			isa = PBXGroup;
			children = (
				EEB645102810FE1500837737 /* Preview Assets.xcassets */,
			);
			path = "Preview Content";
			sourceTree = "<group>";
		};
		EED27DED283C5D56000FFB9E /* Book Detail View */ = {
			isa = PBXGroup;
			children = (
				EED27DE02839B3B4000FFB9E /* BookDetailView.swift */,
				EED27DEE283C5D8E000FFB9E /* BookTitleView.swift */,
				EED27DF0283C609D000FFB9E /* BookDescriptionView.swift */,
			);
			path = "Book Detail View";
			sourceTree = "<group>";
		};
/* End PBXGroup section */

/* Begin PBXNativeTarget section */
		EEB645052810FE0500837737 /* WorkNews */ = {
			isa = PBXNativeTarget;
			buildConfigurationList = EEB645152810FE1500837737 /* Build configuration list for PBXNativeTarget "WorkNews" */;
			buildPhases = (
				EEB645022810FE0500837737 /* Sources */,
				EEB645032810FE0500837737 /* Frameworks */,
				EEB645042810FE0500837737 /* Resources */,
			);
			buildRules = (
			);
			dependencies = (
			);
			name = WorkNews;
			packageProductDependencies = (
				EED27DE3283ABB7D000FFB9E /* Collections */,
				EED27DE5283ABB7D000FFB9E /* DequeModule */,
				EED27DE7283ABB7D000FFB9E /* OrderedCollections */,
			);
			productName = WorkNews;
			productReference = EEB645062810FE0500837737 /* WorkNews.app */;
			productType = "com.apple.product-type.application";
		};
/* End PBXNativeTarget section */

/* Begin PBXProject section */
		EEB644FE2810FE0500837737 /* Project object */ = {
			isa = PBXProject;
			attributes = {
				LastSwiftUpdateCheck = 1210;
				LastUpgradeCheck = 1210;
				TargetAttributes = {
					EEB645052810FE0500837737 = {
						CreatedOnToolsVersion = 12.1;
					};
				};
			};
			buildConfigurationList = EEB645012810FE0500837737 /* Build configuration list for PBXProject "WorkNews" */;
			compatibilityVersion = "Xcode 9.3";
			developmentRegion = en;
			hasScannedForEncodings = 0;
			knownRegions = (
				en,
				Base,
			);
			mainGroup = EEB644FD2810FE0500837737;
			packageReferences = (
				EED27DE2283ABB7D000FFB9E /* XCRemoteSwiftPackageReference "swift-collections" */,
			);
			productRefGroup = EEB645072810FE0500837737 /* Products */;
			projectDirPath = "";
			projectRoot = "";
			targets = (
				EEB645052810FE0500837737 /* WorkNews */,
			);
		};
/* End PBXProject section */

/* Begin PBXResourcesBuildPhase section */
		EEB645042810FE0500837737 /* Resources */ = {
			isa = PBXResourcesBuildPhase;
			buildActionMask = 2147483647;
			files = (
				EEB645112810FE1500837737 /* Preview Assets.xcassets in Resources */,
				EEB6450E2810FE1500837737 /* Assets.xcassets in Resources */,
			);
			runOnlyForDeploymentPostprocessing = 0;
		};
/* End PBXResourcesBuildPhase section */

/* Begin PBXSourcesBuildPhase section */
		EEB645022810FE0500837737 /* Sources */ = {
			isa = PBXSourcesBuildPhase;
			buildActionMask = 2147483647;
			files = (
				EED27DF1283C609D000FFB9E /* BookDescriptionView.swift in Sources */,
				EED27DEF283C5D8E000FFB9E /* BookTitleView.swift in Sources */,
				EED27DE12839B3B4000FFB9E /* BookDetailView.swift in Sources */,
				EE87BAF52867905E00C4B09B /* DiscoverSongsSectionHeaderView.swift in Sources */,
				EE32BFC42833331A00890B06 /* Book.swift in Sources */,
				EE5917872835F8A9001457BE /* MainNavigationView.swift in Sources */,
				EE87BAE62860EF3F00C4B09B /* SpotifyAuthenticationResponseModel.swift in Sources */,
				EEB6450C2810FE0500837737 /* ContentView.swift in Sources */,
				EE323E102867EBC900152C97 /* MovieConstants.swift in Sources */,
				EE59177D28349F30001457BE /* GoogleBooksResponseModel.swift in Sources */,
				EEB3748D2833452F006A5F9A /* SongCard.swift in Sources */,
				EEB3747D283338BD006A5F9A /* Movie.swift in Sources */,
				EE87BAE82861029500C4B09B /* GoogleAPI.swift in Sources */,
				EE32BFC2283330FA00890B06 /* DiscoverMagazinesScrollView.swift in Sources */,
				EE87BAE32860ECCD00C4B09B /* SpotifyAPI.swift in Sources */,
				EEB3748128333928006A5F9A /* Song.swift in Sources */,
				EEB3748A28334343006A5F9A /* MovieCard.swift in Sources */,
				EE59178B28370923001457BE /* DiscoverSectionHeaderView.swift in Sources */,
				EE32BFBE283330C100890B06 /* DiscoverSongsScrollView.swift in Sources */,
				EE323E0E2867E99400152C97 /* MoviesListView.swift in Sources */,
				EEB374962833489E006A5F9A /* LinearGradientExtensions.swift in Sources */,
				EE591789283702F9001457BE /* BooksListView.swift in Sources */,
				EE59179028372DAC001457BE /* ViewExtensions.swift in Sources */,
				EE87BAF92867C91800C4B09B /* TMDBApi.swift in Sources */,
				EEB3748728333D88006A5F9A /* BookCard.swift in Sources */,
				EE87BAEF2861249F00C4B09B /* SongsViewModel.swift in Sources */,
				EEB37490283346A3006A5F9A /* MagazineCard.swift in Sources */,
				EEB6450A2810FE0500837737 /* WorkNewsApp.swift in Sources */,
				EE5917852835D872001457BE /* ImageExtensions.swift in Sources */,
				EE323E0A2867E61F00152C97 /* MovieDetailView.swift in Sources */,
				EE87BAF72867944100C4B09B /* SongConstants.swift in Sources */,
				EE59177F2835CBA9001457BE /* BooksViewModel.swift in Sources */,
				EEB3749328334818006A5F9A /* NeumorphicViewModifier.swift in Sources */,
				EE87BAF328678FEA00C4B09B /* SongsListView.swift in Sources */,
				EE87BB012867D97D00C4B09B /* MoviesViewModel.swift in Sources */,
				EE87BAEC28611C6A00C4B09B /* SpotifyPlaylistResponseModel.swift in Sources */,
				EED27DEA283ACAEF000FFB9E /* GoogleVolumeResponseModel.swift in Sources */,
				EE323E0C2867E92C00152C97 /* DiscoverMoviesSectionHeaderView.swift in Sources */,
				EE87BAEA2861037300C4B09B /* SpotifySongFetcher.swift in Sources */,
				EE59178E2837150B001457BE /* GoogleBookShelfResponseModel.swift in Sources */,
				EED27DEC283AE419000FFB9E /* StringExtensions.swift in Sources */,
				EE87BAF128669D3700C4B09B /* SongDetailView.swift in Sources */,
				EE81CB342839782D00EF2BAF /* IntExtensions.swift in Sources */,
				EE32BFB428332F8E00890B06 /* DiscoverView.swift in Sources */,
				EED27DF3284A9D65000FFB9E /* BookConstants.swift in Sources */,
				EE32BFBC283330A500890B06 /* DiscoverBooksScrollView.swift in Sources */,
				EE87BAFB2867CEE100C4B09B /* MediaItemFetcher.swift in Sources */,
				EEB374842833394E006A5F9A /* Magazine.swift in Sources */,
				EE87BB032867E49200C4B09B /* TMDBMovieListResponseModel.swift in Sources */,
				EE32BFC0283330E900890B06 /* DiscoverMoviesScrollView.swift in Sources */,
				EE59177B28349C81001457BE /* GoogleBookFetcher.swift in Sources */,
				EE5917832835D7A6001457BE /* AsyncImageView.swift in Sources */,
			);
			runOnlyForDeploymentPostprocessing = 0;
		};
/* End PBXSourcesBuildPhase section */

/* Begin XCBuildConfiguration section */
		EEB645132810FE1500837737 /* Debug */ = {
			isa = XCBuildConfiguration;
			buildSettings = {
				ALWAYS_SEARCH_USER_PATHS = NO;
				CLANG_ANALYZER_NONNULL = YES;
				CLANG_ANALYZER_NUMBER_OBJECT_CONVERSION = YES_AGGRESSIVE;
				CLANG_CXX_LANGUAGE_STANDARD = "gnu++14";
				CLANG_CXX_LIBRARY = "libc++";
				CLANG_ENABLE_MODULES = YES;
				CLANG_ENABLE_OBJC_ARC = YES;
				CLANG_ENABLE_OBJC_WEAK = YES;
				CLANG_WARN_BLOCK_CAPTURE_AUTORELEASING = YES;
				CLANG_WARN_BOOL_CONVERSION = YES;
				CLANG_WARN_COMMA = YES;
				CLANG_WARN_CONSTANT_CONVERSION = YES;
				CLANG_WARN_DEPRECATED_OBJC_IMPLEMENTATIONS = YES;
				CLANG_WARN_DIRECT_OBJC_ISA_USAGE = YES_ERROR;
				CLANG_WARN_DOCUMENTATION_COMMENTS = YES;
				CLANG_WARN_EMPTY_BODY = YES;
				CLANG_WARN_ENUM_CONVERSION = YES;
				CLANG_WARN_INFINITE_RECURSION = YES;
				CLANG_WARN_INT_CONVERSION = YES;
				CLANG_WARN_NON_LITERAL_NULL_CONVERSION = YES;
				CLANG_WARN_OBJC_IMPLICIT_RETAIN_SELF = YES;
				CLANG_WARN_OBJC_LITERAL_CONVERSION = YES;
				CLANG_WARN_OBJC_ROOT_CLASS = YES_ERROR;
				CLANG_WARN_QUOTED_INCLUDE_IN_FRAMEWORK_HEADER = YES;
				CLANG_WARN_RANGE_LOOP_ANALYSIS = YES;
				CLANG_WARN_STRICT_PROTOTYPES = YES;
				CLANG_WARN_SUSPICIOUS_MOVE = YES;
				CLANG_WARN_UNGUARDED_AVAILABILITY = YES_AGGRESSIVE;
				CLANG_WARN_UNREACHABLE_CODE = YES;
				CLANG_WARN__DUPLICATE_METHOD_MATCH = YES;
				COPY_PHASE_STRIP = NO;
				DEBUG_INFORMATION_FORMAT = dwarf;
				ENABLE_STRICT_OBJC_MSGSEND = YES;
				ENABLE_TESTABILITY = YES;
				GCC_C_LANGUAGE_STANDARD = gnu11;
				GCC_DYNAMIC_NO_PIC = NO;
				GCC_NO_COMMON_BLOCKS = YES;
				GCC_OPTIMIZATION_LEVEL = 0;
				GCC_PREPROCESSOR_DEFINITIONS = (
					"DEBUG=1",
					"$(inherited)",
				);
				GCC_WARN_64_TO_32_BIT_CONVERSION = YES;
				GCC_WARN_ABOUT_RETURN_TYPE = YES_ERROR;
				GCC_WARN_UNDECLARED_SELECTOR = YES;
				GCC_WARN_UNINITIALIZED_AUTOS = YES_AGGRESSIVE;
				GCC_WARN_UNUSED_FUNCTION = YES;
				GCC_WARN_UNUSED_VARIABLE = YES;
				IPHONEOS_DEPLOYMENT_TARGET = 14.1;
				MTL_ENABLE_DEBUG_INFO = INCLUDE_SOURCE;
				MTL_FAST_MATH = YES;
				ONLY_ACTIVE_ARCH = YES;
				SDKROOT = iphoneos;
				SWIFT_ACTIVE_COMPILATION_CONDITIONS = DEBUG;
				SWIFT_OPTIMIZATION_LEVEL = "-Onone";
			};
			name = Debug;
		};
		EEB645142810FE1500837737 /* Release */ = {
			isa = XCBuildConfiguration;
			buildSettings = {
				ALWAYS_SEARCH_USER_PATHS = NO;
				CLANG_ANALYZER_NONNULL = YES;
				CLANG_ANALYZER_NUMBER_OBJECT_CONVERSION = YES_AGGRESSIVE;
				CLANG_CXX_LANGUAGE_STANDARD = "gnu++14";
				CLANG_CXX_LIBRARY = "libc++";
				CLANG_ENABLE_MODULES = YES;
				CLANG_ENABLE_OBJC_ARC = YES;
				CLANG_ENABLE_OBJC_WEAK = YES;
				CLANG_WARN_BLOCK_CAPTURE_AUTORELEASING = YES;
				CLANG_WARN_BOOL_CONVERSION = YES;
				CLANG_WARN_COMMA = YES;
				CLANG_WARN_CONSTANT_CONVERSION = YES;
				CLANG_WARN_DEPRECATED_OBJC_IMPLEMENTATIONS = YES;
				CLANG_WARN_DIRECT_OBJC_ISA_USAGE = YES_ERROR;
				CLANG_WARN_DOCUMENTATION_COMMENTS = YES;
				CLANG_WARN_EMPTY_BODY = YES;
				CLANG_WARN_ENUM_CONVERSION = YES;
				CLANG_WARN_INFINITE_RECURSION = YES;
				CLANG_WARN_INT_CONVERSION = YES;
				CLANG_WARN_NON_LITERAL_NULL_CONVERSION = YES;
				CLANG_WARN_OBJC_IMPLICIT_RETAIN_SELF = YES;
				CLANG_WARN_OBJC_LITERAL_CONVERSION = YES;
				CLANG_WARN_OBJC_ROOT_CLASS = YES_ERROR;
				CLANG_WARN_QUOTED_INCLUDE_IN_FRAMEWORK_HEADER = YES;
				CLANG_WARN_RANGE_LOOP_ANALYSIS = YES;
				CLANG_WARN_STRICT_PROTOTYPES = YES;
				CLANG_WARN_SUSPICIOUS_MOVE = YES;
				CLANG_WARN_UNGUARDED_AVAILABILITY = YES_AGGRESSIVE;
				CLANG_WARN_UNREACHABLE_CODE = YES;
				CLANG_WARN__DUPLICATE_METHOD_MATCH = YES;
				COPY_PHASE_STRIP = NO;
				DEBUG_INFORMATION_FORMAT = "dwarf-with-dsym";
				ENABLE_NS_ASSERTIONS = NO;
				ENABLE_STRICT_OBJC_MSGSEND = YES;
				GCC_C_LANGUAGE_STANDARD = gnu11;
				GCC_NO_COMMON_BLOCKS = YES;
				GCC_WARN_64_TO_32_BIT_CONVERSION = YES;
				GCC_WARN_ABOUT_RETURN_TYPE = YES_ERROR;
				GCC_WARN_UNDECLARED_SELECTOR = YES;
				GCC_WARN_UNINITIALIZED_AUTOS = YES_AGGRESSIVE;
				GCC_WARN_UNUSED_FUNCTION = YES;
				GCC_WARN_UNUSED_VARIABLE = YES;
				IPHONEOS_DEPLOYMENT_TARGET = 14.1;
				MTL_ENABLE_DEBUG_INFO = NO;
				MTL_FAST_MATH = YES;
				SDKROOT = iphoneos;
				SWIFT_COMPILATION_MODE = wholemodule;
				SWIFT_OPTIMIZATION_LEVEL = "-O";
				VALIDATE_PRODUCT = YES;
			};
			name = Release;
		};
		EEB645162810FE1500837737 /* Debug */ = {
			isa = XCBuildConfiguration;
			buildSettings = {
				ASSETCATALOG_COMPILER_APPICON_NAME = AppIcon;
				ASSETCATALOG_COMPILER_GLOBAL_ACCENT_COLOR_NAME = AccentColor;
				CODE_SIGN_STYLE = Automatic;
				DEVELOPMENT_ASSET_PATHS = "\"WorkNews/Preview Content\"";
				DEVELOPMENT_TEAM = 8HUP8UB97L;
				ENABLE_PREVIEWS = YES;
				INFOPLIST_FILE = WorkNews/Info.plist;
				IPHONEOS_DEPLOYMENT_TARGET = 15.0;
				LD_RUNPATH_SEARCH_PATHS = (
					"$(inherited)",
					"@executable_path/Frameworks",
				);
				PRODUCT_BUNDLE_IDENTIFIER = com.WesleyLuntsford.WorkNews;
				PRODUCT_NAME = "$(TARGET_NAME)";
				SWIFT_VERSION = 5.0;
				TARGETED_DEVICE_FAMILY = "1,2";
			};
			name = Debug;
		};
		EEB645172810FE1500837737 /* Release */ = {
			isa = XCBuildConfiguration;
			buildSettings = {
				ASSETCATALOG_COMPILER_APPICON_NAME = AppIcon;
				ASSETCATALOG_COMPILER_GLOBAL_ACCENT_COLOR_NAME = AccentColor;
				CODE_SIGN_STYLE = Automatic;
				DEVELOPMENT_ASSET_PATHS = "\"WorkNews/Preview Content\"";
				DEVELOPMENT_TEAM = 8HUP8UB97L;
				ENABLE_PREVIEWS = YES;
				INFOPLIST_FILE = WorkNews/Info.plist;
				IPHONEOS_DEPLOYMENT_TARGET = 15.0;
				LD_RUNPATH_SEARCH_PATHS = (
					"$(inherited)",
					"@executable_path/Frameworks",
				);
				PRODUCT_BUNDLE_IDENTIFIER = com.WesleyLuntsford.WorkNews;
				PRODUCT_NAME = "$(TARGET_NAME)";
				SWIFT_VERSION = 5.0;
				TARGETED_DEVICE_FAMILY = "1,2";
			};
			name = Release;
		};
/* End XCBuildConfiguration section */

/* Begin XCConfigurationList section */
		EEB645012810FE0500837737 /* Build configuration list for PBXProject "WorkNews" */ = {
			isa = XCConfigurationList;
			buildConfigurations = (
				EEB645132810FE1500837737 /* Debug */,
				EEB645142810FE1500837737 /* Release */,
			);
			defaultConfigurationIsVisible = 0;
			defaultConfigurationName = Release;
		};
		EEB645152810FE1500837737 /* Build configuration list for PBXNativeTarget "WorkNews" */ = {
			isa = XCConfigurationList;
			buildConfigurations = (
				EEB645162810FE1500837737 /* Debug */,
				EEB645172810FE1500837737 /* Release */,
			);
			defaultConfigurationIsVisible = 0;
			defaultConfigurationName = Release;
		};
/* End XCConfigurationList section */

/* Begin XCRemoteSwiftPackageReference section */
		EED27DE2283ABB7D000FFB9E /* XCRemoteSwiftPackageReference "swift-collections" */ = {
			isa = XCRemoteSwiftPackageReference;
			repositoryURL = "https://github.com/apple/swift-collections.git";
			requirement = {
				kind = upToNextMajorVersion;
				minimumVersion = 1.0.0;
			};
		};
/* End XCRemoteSwiftPackageReference section */

/* Begin XCSwiftPackageProductDependency section */
		EED27DE3283ABB7D000FFB9E /* Collections */ = {
			isa = XCSwiftPackageProductDependency;
			package = EED27DE2283ABB7D000FFB9E /* XCRemoteSwiftPackageReference "swift-collections" */;
			productName = Collections;
		};
		EED27DE5283ABB7D000FFB9E /* DequeModule */ = {
			isa = XCSwiftPackageProductDependency;
			package = EED27DE2283ABB7D000FFB9E /* XCRemoteSwiftPackageReference "swift-collections" */;
			productName = DequeModule;
		};
		EED27DE7283ABB7D000FFB9E /* OrderedCollections */ = {
			isa = XCSwiftPackageProductDependency;
			package = EED27DE2283ABB7D000FFB9E /* XCRemoteSwiftPackageReference "swift-collections" */;
			productName = OrderedCollections;
		};
/* End XCSwiftPackageProductDependency section */
	};
	rootObject = EEB644FE2810FE0500837737 /* Project object */;
}
